
Microsoft Visual Studio Solution File, Format Version 12.00
# Visual Studio Version 16
VisualStudioVersion = 16.0.29025.244
MinimumVisualStudioVersion = 10.0.40219.1
Project("{FAE04EC0-301F-11D3-BF4B-00C04F79EFBC}") = "Login 2.0", "Login 2.0\Login 2.0.csproj", "{9AC3EB9B-C3A9-4106-928A-798E1DF3DABF}"
EndProject
Global
	GlobalSection(SolutionConfigurationPlatforms) = preSolution
		Debug|Any CPU = Debug|Any CPU
		Release|Any CPU = Release|Any CPU
	EndGlobalSection
	GlobalSection(ProjectConfigurationPlatforms) = postSolution
		{9AC3EB9B-C3A9-4106-928A-798E1DF3DABF}.Debug|Any CPU.ActiveCfg = Debug|Any CPU
		{9AC3EB9B-C3A9-4106-928A-798E1DF3DABF}.Debug|Any CPU.Build.0 = Debug|Any CPU
		{9AC3EB9B-C3A9-4106-928A-798E1DF3DABF}.Release|Any CPU.ActiveCfg = Release|Any CPU
		{9AC3EB9B-C3A9-4106-928A-798E1DF3DABF}.Release|Any CPU.Build.0 = Release|Any CPU
	EndGlobalSection
	GlobalSection(SolutionProperties) = preSolution
		HideSolutionNode = FALSE
	EndGlobalSection
	GlobalSection(ExtensibilityGlobals) = postSolution
		SolutionGuid = {CAF2D471-799E-4AF4-8B0B-0E8805FECFAF}
	EndGlobalSection
EndGlobal
